# This file is automatically @generated by Cargo.
# It is not intended for manual editing.
[[package]]
name = "api"
version = "0.1.0"
dependencies = [
 "cstr_core",
 "cty",
 "esp_idf",
]

[[package]]
name = "cstr_core"
version = "0.1.2"
source = "git+https://github.com/antoinevg/cstr_core.git#342794e74cf3e2cc6b01d889d3f43f59448da70f"
dependencies = [
 "cty",
 "memchr",
]

[[package]]
name = "cty"
version = "0.2.1"
source = "registry+https://github.com/rust-lang/crates.io-index"
checksum = "7313c0d620d0cb4dbd9d019e461a4beb501071ff46ec0ab933efb4daa76d73e3"

[[package]]
name = "esp_idf"
version = "0.1.0"
dependencies = [
 "cty",
]

[[package]]
name = "memchr"
version = "2.3.0"
source = "registry+https://github.com/rust-lang/crates.io-index"
checksum = "3197e20c7edb283f87c071ddfc7a2cca8f8e0b888c242959846a6fce03c72223"
